// !$*UTF8*$!
{
	archiveVersion = 1;
	classes = {
	};
	objectVersion = 50;
	objects = {

/* Begin PBXBuildFile section */
		C8DCD588C7C11787621138E6 /* Pods_RSSNewsfeed.framework in Frameworks */ = {isa = PBXBuildFile; fileRef = 000741474A00A964FC79BFCC /* Pods_RSSNewsfeed.framework */; };
		F328B5CB22731A8400864E61 /* AppDelegate.swift in Sources */ = {isa = PBXBuildFile; fileRef = F328B5CA22731A8400864E61 /* AppDelegate.swift */; };
		F328B5D022731A8400864E61 /* Main.storyboard in Resources */ = {isa = PBXBuildFile; fileRef = F328B5CE22731A8400864E61 /* Main.storyboard */; };
		F328B5D222731A8700864E61 /* Assets.xcassets in Resources */ = {isa = PBXBuildFile; fileRef = F328B5D122731A8700864E61 /* Assets.xcassets */; };
		F328B5D522731A8700864E61 /* LaunchScreen.storyboard in Resources */ = {isa = PBXBuildFile; fileRef = F328B5D322731A8700864E61 /* LaunchScreen.storyboard */; };
		F3414FEB2280311D00FC8704 /* NetworkReachability.swift in Sources */ = {isa = PBXBuildFile; fileRef = F3414FEA2280311D00FC8704 /* NetworkReachability.swift */; };
		F34F19E9227AE2B20069633A /* ChannelListViewController.swift in Sources */ = {isa = PBXBuildFile; fileRef = F34F19E8227AE2B20069633A /* ChannelListViewController.swift */; };
		F34F19EB227AE43B0069633A /* NewsFeedViewController.swift in Sources */ = {isa = PBXBuildFile; fileRef = F34F19EA227AE43B0069633A /* NewsFeedViewController.swift */; };
		F34F19ED227AE9D40069633A /* ChannelListViewModel.swift in Sources */ = {isa = PBXBuildFile; fileRef = F34F19EC227AE9D40069633A /* ChannelListViewModel.swift */; };
		F34F19F1227AEB8C0069633A /* ChannelList.storyboard in Resources */ = {isa = PBXBuildFile; fileRef = F34F19F0227AEB8C0069633A /* ChannelList.storyboard */; };
		F34F19F4227AED9C0069633A /* NewsFeed.storyboard in Resources */ = {isa = PBXBuildFile; fileRef = F34F19F3227AED9C0069633A /* NewsFeed.storyboard */; };
		F34F19F6227AEDAE0069633A /* NewsFeedViewModel.swift in Sources */ = {isa = PBXBuildFile; fileRef = F34F19F5227AEDAE0069633A /* NewsFeedViewModel.swift */; };
		F376C12E2280566B00002EBD /* WebViewController.swift in Sources */ = {isa = PBXBuildFile; fileRef = F376C12D2280566B00002EBD /* WebViewController.swift */; };
		F376C130228056BF00002EBD /* RSSFeedUIViewController.swift in Sources */ = {isa = PBXBuildFile; fileRef = F376C12F228056BF00002EBD /* RSSFeedUIViewController.swift */; };
		F376C132228057DE00002EBD /* WebView.storyboard in Resources */ = {isa = PBXBuildFile; fileRef = F376C131228057DE00002EBD /* WebView.storyboard */; };
		F376C13722805FE400002EBD /* WebKit.framework in Frameworks */ = {isa = PBXBuildFile; fileRef = F376C13622805FE400002EBD /* WebKit.framework */; };
		F39FB244227B1AA400778429 /* NewsFeedTableViewCell.swift in Sources */ = {isa = PBXBuildFile; fileRef = F39FB243227B1AA300778429 /* NewsFeedTableViewCell.swift */; };
		F3BA269422817A0A00FE3C29 /* NewsPost.swift in Sources */ = {isa = PBXBuildFile; fileRef = F3BA269322817A0900FE3C29 /* NewsPost.swift */; };
		F3BA269722818FF100FE3C29 /* NewsSource.swift in Sources */ = {isa = PBXBuildFile; fileRef = F3BA269622818FF100FE3C29 /* NewsSource.swift */; };
		F3F1F7E8227B49030001FCC3 /* NewsFeedXMLParser.swift in Sources */ = {isa = PBXBuildFile; fileRef = F3F1F7E7227B49030001FCC3 /* NewsFeedXMLParser.swift */; };
/* End PBXBuildFile section */

/* Begin PBXFileReference section */
		000741474A00A964FC79BFCC /* Pods_RSSNewsfeed.framework */ = {isa = PBXFileReference; explicitFileType = wrapper.framework; includeInIndex = 0; path = Pods_RSSNewsfeed.framework; sourceTree = BUILT_PRODUCTS_DIR; };
		817BD7B3CBCE7023E73A198E /* Pods-RSSNewsfeed.release.xcconfig */ = {isa = PBXFileReference; includeInIndex = 1; lastKnownFileType = text.xcconfig; name = "Pods-RSSNewsfeed.release.xcconfig"; path = "Pods/Target Support Files/Pods-RSSNewsfeed/Pods-RSSNewsfeed.release.xcconfig"; sourceTree = "<group>"; };
		CDD9437EFE75A18E209BB444 /* Pods-RSSNewsfeed.debug.xcconfig */ = {isa = PBXFileReference; includeInIndex = 1; lastKnownFileType = text.xcconfig; name = "Pods-RSSNewsfeed.debug.xcconfig"; path = "Pods/Target Support Files/Pods-RSSNewsfeed/Pods-RSSNewsfeed.debug.xcconfig"; sourceTree = "<group>"; };
		F328B5C722731A8400864E61 /* RSSNewsfeed.app */ = {isa = PBXFileReference; explicitFileType = wrapper.application; includeInIndex = 0; path = RSSNewsfeed.app; sourceTree = BUILT_PRODUCTS_DIR; };
		F328B5CA22731A8400864E61 /* AppDelegate.swift */ = {isa = PBXFileReference; lastKnownFileType = sourcecode.swift; path = AppDelegate.swift; sourceTree = "<group>"; };
		F328B5CF22731A8400864E61 /* Base */ = {isa = PBXFileReference; lastKnownFileType = file.storyboard; name = Base; path = Base.lproj/Main.storyboard; sourceTree = "<group>"; };
		F328B5D122731A8700864E61 /* Assets.xcassets */ = {isa = PBXFileReference; lastKnownFileType = folder.assetcatalog; path = Assets.xcassets; sourceTree = "<group>"; };
		F328B5D422731A8700864E61 /* Base */ = {isa = PBXFileReference; lastKnownFileType = file.storyboard; name = Base; path = Base.lproj/LaunchScreen.storyboard; sourceTree = "<group>"; };
		F328B5D622731A8700864E61 /* Info.plist */ = {isa = PBXFileReference; lastKnownFileType = text.plist.xml; path = Info.plist; sourceTree = "<group>"; };
		F3414FEA2280311D00FC8704 /* NetworkReachability.swift */ = {isa = PBXFileReference; lastKnownFileType = sourcecode.swift; path = NetworkReachability.swift; sourceTree = "<group>"; };
		F34F19E8227AE2B20069633A /* ChannelListViewController.swift */ = {isa = PBXFileReference; lastKnownFileType = sourcecode.swift; path = ChannelListViewController.swift; sourceTree = "<group>"; };
		F34F19EA227AE43B0069633A /* NewsFeedViewController.swift */ = {isa = PBXFileReference; lastKnownFileType = sourcecode.swift; path = NewsFeedViewController.swift; sourceTree = "<group>"; };
		F34F19EC227AE9D40069633A /* ChannelListViewModel.swift */ = {isa = PBXFileReference; lastKnownFileType = sourcecode.swift; path = ChannelListViewModel.swift; sourceTree = "<group>"; };
		F34F19F0227AEB8C0069633A /* ChannelList.storyboard */ = {isa = PBXFileReference; lastKnownFileType = file.storyboard; path = ChannelList.storyboard; sourceTree = "<group>"; };
		F34F19F3227AED9C0069633A /* NewsFeed.storyboard */ = {isa = PBXFileReference; lastKnownFileType = file.storyboard; path = NewsFeed.storyboard; sourceTree = "<group>"; };
		F34F19F5227AEDAE0069633A /* NewsFeedViewModel.swift */ = {isa = PBXFileReference; lastKnownFileType = sourcecode.swift; path = NewsFeedViewModel.swift; sourceTree = "<group>"; };
		F376C12D2280566B00002EBD /* WebViewController.swift */ = {isa = PBXFileReference; lastKnownFileType = sourcecode.swift; path = WebViewController.swift; sourceTree = "<group>"; };
		F376C12F228056BF00002EBD /* RSSFeedUIViewController.swift */ = {isa = PBXFileReference; lastKnownFileType = sourcecode.swift; path = RSSFeedUIViewController.swift; sourceTree = "<group>"; };
		F376C131228057DE00002EBD /* WebView.storyboard */ = {isa = PBXFileReference; lastKnownFileType = file.storyboard; path = WebView.storyboard; sourceTree = "<group>"; };
		F376C13622805FE400002EBD /* WebKit.framework */ = {isa = PBXFileReference; lastKnownFileType = wrapper.framework; name = WebKit.framework; path = System/Library/Frameworks/WebKit.framework; sourceTree = SDKROOT; };
		F39FB243227B1AA300778429 /* NewsFeedTableViewCell.swift */ = {isa = PBXFileReference; lastKnownFileType = sourcecode.swift; path = NewsFeedTableViewCell.swift; sourceTree = "<group>"; };
		F3BA269322817A0900FE3C29 /* NewsPost.swift */ = {isa = PBXFileReference; lastKnownFileType = sourcecode.swift; path = NewsPost.swift; sourceTree = "<group>"; };
		F3BA269622818FF100FE3C29 /* NewsSource.swift */ = {isa = PBXFileReference; lastKnownFileType = sourcecode.swift; path = NewsSource.swift; sourceTree = "<group>"; };
		F3F1F7E7227B49030001FCC3 /* NewsFeedXMLParser.swift */ = {isa = PBXFileReference; lastKnownFileType = sourcecode.swift; path = NewsFeedXMLParser.swift; sourceTree = "<group>"; };
/* End PBXFileReference section */

/* Begin PBXFrameworksBuildPhase section */
		F328B5C422731A8400864E61 /* Frameworks */ = {
			isa = PBXFrameworksBuildPhase;
			buildActionMask = 2147483647;
			files = (
				F376C13722805FE400002EBD /* WebKit.framework in Frameworks */,
				C8DCD588C7C11787621138E6 /* Pods_RSSNewsfeed.framework in Frameworks */,
			);
			runOnlyForDeploymentPostprocessing = 0;
		};
/* End PBXFrameworksBuildPhase section */

/* Begin PBXGroup section */
		3F605965A39F2006D762B594 /* Frameworks */ = {
			isa = PBXGroup;
			children = (
				F376C13622805FE400002EBD /* WebKit.framework */,
				000741474A00A964FC79BFCC /* Pods_RSSNewsfeed.framework */,
			);
			name = Frameworks;
			sourceTree = "<group>";
		};
		AC6C54A03649A357CAA26C20 /* Pods */ = {
			isa = PBXGroup;
			children = (
				CDD9437EFE75A18E209BB444 /* Pods-RSSNewsfeed.debug.xcconfig */,
				817BD7B3CBCE7023E73A198E /* Pods-RSSNewsfeed.release.xcconfig */,
			);
			name = Pods;
			sourceTree = "<group>";
		};
		F328B5BE22731A8400864E61 = {
			isa = PBXGroup;
			children = (
				F328B5C922731A8400864E61 /* RSSNewsfeed */,
				F328B5C822731A8400864E61 /* Products */,
				AC6C54A03649A357CAA26C20 /* Pods */,
				3F605965A39F2006D762B594 /* Frameworks */,
			);
			sourceTree = "<group>";
		};
		F328B5C822731A8400864E61 /* Products */ = {
			isa = PBXGroup;
			children = (
				F328B5C722731A8400864E61 /* RSSNewsfeed.app */,
			);
			name = Products;
			sourceTree = "<group>";
		};
		F328B5C922731A8400864E61 /* RSSNewsfeed */ = {
			isa = PBXGroup;
			children = (
				F328B5CA22731A8400864E61 /* AppDelegate.swift */,
				F3BA269522817E4400FE3C29 /* Model */,
				F376C13322805E6600002EBD /* WebView */,
				F38F4A2A22805396005A1A28 /* Extension */,
				F328B5CE22731A8400864E61 /* Main.storyboard */,
				F39FB247227B2C0B00778429 /* Network */,
				F34F19EE227AE9E70069633A /* ChannelList */,
				F34F19F2227AED680069633A /* NewsFeed */,
				F328B5D122731A8700864E61 /* Assets.xcassets */,
				F328B5D322731A8700864E61 /* LaunchScreen.storyboard */,
				F328B5D622731A8700864E61 /* Info.plist */,
			);
			path = RSSNewsfeed;
			sourceTree = "<group>";
		};
		F34F19EE227AE9E70069633A /* ChannelList */ = {
			isa = PBXGroup;
			children = (
				F34F19E8227AE2B20069633A /* ChannelListViewController.swift */,
				F34F19F0227AEB8C0069633A /* ChannelList.storyboard */,
				F34F19EF227AE9FA0069633A /* ViewModel */,
			);
			path = ChannelList;
			sourceTree = "<group>";
		};
		F34F19EF227AE9FA0069633A /* ViewModel */ = {
			isa = PBXGroup;
			children = (
				F34F19EC227AE9D40069633A /* ChannelListViewModel.swift */,
			);
			path = ViewModel;
			sourceTree = "<group>";
		};
		F34F19F2227AED680069633A /* NewsFeed */ = {
			isa = PBXGroup;
			children = (
				F34F19EA227AE43B0069633A /* NewsFeedViewController.swift */,
				F39FB243227B1AA300778429 /* NewsFeedTableViewCell.swift */,
				F34F19F3227AED9C0069633A /* NewsFeed.storyboard */,
				F34F19F7227AEDB40069633A /* ViewModel */,
			);
			path = NewsFeed;
			sourceTree = "<group>";
		};
		F34F19F7227AEDB40069633A /* ViewModel */ = {
			isa = PBXGroup;
			children = (
				F34F19F5227AEDAE0069633A /* NewsFeedViewModel.swift */,
			);
			path = ViewModel;
			sourceTree = "<group>";
		};
		F376C13322805E6600002EBD /* WebView */ = {
			isa = PBXGroup;
			children = (
				F376C12D2280566B00002EBD /* WebViewController.swift */,
				F376C131228057DE00002EBD /* WebView.storyboard */,
			);
			path = WebView;
			sourceTree = "<group>";
		};
		F38F4A2A22805396005A1A28 /* Extension */ = {
			isa = PBXGroup;
			children = (
				F376C12F228056BF00002EBD /* RSSFeedUIViewController.swift */,
			);
			name = Extension;
			sourceTree = "<group>";
		};
		F39FB247227B2C0B00778429 /* Network */ = {
			isa = PBXGroup;
			children = (
				F3F1F7E7227B49030001FCC3 /* NewsFeedXMLParser.swift */,
				F3414FEA2280311D00FC8704 /* NetworkReachability.swift */,
			);
			path = Network;
			sourceTree = "<group>";
		};
		F3BA269522817E4400FE3C29 /* Model */ = {
			isa = PBXGroup;
			children = (
				F3BA269322817A0900FE3C29 /* NewsPost.swift */,
				F3BA269622818FF100FE3C29 /* NewsSource.swift */,
			);
			path = Model;
			sourceTree = "<group>";
		};
/* End PBXGroup section */

/* Begin PBXNativeTarget section */
		F328B5C622731A8400864E61 /* RSSNewsfeed */ = {
			isa = PBXNativeTarget;
			buildConfigurationList = F328B5D922731A8700864E61 /* Build configuration list for PBXNativeTarget "RSSNewsfeed" */;
			buildPhases = (
				0C22256A30082E496AE7E323 /* [CP] Check Pods Manifest.lock */,
				F328B5C322731A8400864E61 /* Sources */,
				F328B5C422731A8400864E61 /* Frameworks */,
				F328B5C522731A8400864E61 /* Resources */,
				1DFA8832C3BF055D304EC295 /* [CP] Embed Pods Frameworks */,
			);
			buildRules = (
			);
			dependencies = (
			);
			name = RSSNewsfeed;
			productName = RSSNewsfeed;
			productReference = F328B5C722731A8400864E61 /* RSSNewsfeed.app */;
			productType = "com.apple.product-type.application";
		};
/* End PBXNativeTarget section */

/* Begin PBXProject section */
		F328B5BF22731A8400864E61 /* Project object */ = {
			isa = PBXProject;
			attributes = {
				LastSwiftUpdateCheck = 1020;
				LastUpgradeCheck = 1020;
				ORGANIZATIONNAME = "Viktor S";
				TargetAttributes = {
					F328B5C622731A8400864E61 = {
						CreatedOnToolsVersion = 10.2.1;
					};
				};
			};
			buildConfigurationList = F328B5C222731A8400864E61 /* Build configuration list for PBXProject "RSSNewsfeed" */;
			compatibilityVersion = "Xcode 9.3";
			developmentRegion = en;
			hasScannedForEncodings = 0;
			knownRegions = (
				en,
				Base,
			);
			mainGroup = F328B5BE22731A8400864E61;
			productRefGroup = F328B5C822731A8400864E61 /* Products */;
			projectDirPath = "";
			projectRoot = "";
			targets = (
				F328B5C622731A8400864E61 /* RSSNewsfeed */,
			);
		};
/* End PBXProject section */

/* Begin PBXResourcesBuildPhase section */
		F328B5C522731A8400864E61 /* Resources */ = {
			isa = PBXResourcesBuildPhase;
			buildActionMask = 2147483647;
			files = (
				F328B5D522731A8700864E61 /* LaunchScreen.storyboard in Resources */,
				F34F19F4227AED9C0069633A /* NewsFeed.storyboard in Resources */,
				F328B5D222731A8700864E61 /* Assets.xcassets in Resources */,
				F34F19F1227AEB8C0069633A /* ChannelList.storyboard in Resources */,
				F376C132228057DE00002EBD /* WebView.storyboard in Resources */,
				F328B5D022731A8400864E61 /* Main.storyboard in Resources */,
			);
			runOnlyForDeploymentPostprocessing = 0;
		};
/* End PBXResourcesBuildPhase section */

/* Begin PBXShellScriptBuildPhase section */
		0C22256A30082E496AE7E323 /* [CP] Check Pods Manifest.lock */ = {
			isa = PBXShellScriptBuildPhase;
			buildActionMask = 2147483647;
			files = (
			);
			inputFileListPaths = (
			);
			inputPaths = (
				"${PODS_PODFILE_DIR_PATH}/Podfile.lock",
				"${PODS_ROOT}/Manifest.lock",
			);
			name = "[CP] Check Pods Manifest.lock";
			outputFileListPaths = (
			);
			outputPaths = (
				"$(DERIVED_FILE_DIR)/Pods-RSSNewsfeed-checkManifestLockResult.txt",
			);
			runOnlyForDeploymentPostprocessing = 0;
			shellPath = /bin/sh;
			shellScript = "diff \"${PODS_PODFILE_DIR_PATH}/Podfile.lock\" \"${PODS_ROOT}/Manifest.lock\" > /dev/null\nif [ $? != 0 ] ; then\n    # print error to STDERR\n    echo \"error: The sandbox is not in sync with the Podfile.lock. Run 'pod install' or update your CocoaPods installation.\" >&2\n    exit 1\nfi\n# This output is used by Xcode 'outputs' to avoid re-running this script phase.\necho \"SUCCESS\" > \"${SCRIPT_OUTPUT_FILE_0}\"\n";
			showEnvVarsInLog = 0;
		};
		1DFA8832C3BF055D304EC295 /* [CP] Embed Pods Frameworks */ = {
			isa = PBXShellScriptBuildPhase;
			buildActionMask = 2147483647;
			files = (
			);
			inputFileListPaths = (
			);
			inputPaths = (
				"${SRCROOT}/Pods/Target Support Files/Pods-RSSNewsfeed/Pods-RSSNewsfeed-frameworks.sh",
				"${BUILT_PRODUCTS_DIR}/Kingfisher/Kingfisher.framework",
				"${BUILT_PRODUCTS_DIR}/Realm/Realm.framework",
				"${BUILT_PRODUCTS_DIR}/RealmSwift/RealmSwift.framework",
				"${BUILT_PRODUCTS_DIR}/SWRevealViewController/SWRevealViewController.framework",
			);
			name = "[CP] Embed Pods Frameworks";
			outputFileListPaths = (
			);
			outputPaths = (
				"${TARGET_BUILD_DIR}/${FRAMEWORKS_FOLDER_PATH}/Kingfisher.framework",
				"${TARGET_BUILD_DIR}/${FRAMEWORKS_FOLDER_PATH}/Realm.framework",
				"${TARGET_BUILD_DIR}/${FRAMEWORKS_FOLDER_PATH}/RealmSwift.framework",
				"${TARGET_BUILD_DIR}/${FRAMEWORKS_FOLDER_PATH}/SWRevealViewController.framework",
			);
			runOnlyForDeploymentPostprocessing = 0;
			shellPath = /bin/sh;
			shellScript = "\"${SRCROOT}/Pods/Target Support Files/Pods-RSSNewsfeed/Pods-RSSNewsfeed-frameworks.sh\"\n";
			showEnvVarsInLog = 0;
		};
/* End PBXShellScriptBuildPhase section */

/* Begin PBXSourcesBuildPhase section */
		F328B5C322731A8400864E61 /* Sources */ = {
			isa = PBXSourcesBuildPhase;
			buildActionMask = 2147483647;
			files = (
				F3BA269422817A0A00FE3C29 /* NewsPost.swift in Sources */,
				F3F1F7E8227B49030001FCC3 /* NewsFeedXMLParser.swift in Sources */,
				F34F19F6227AEDAE0069633A /* NewsFeedViewModel.swift in Sources */,
				F34F19E9227AE2B20069633A /* ChannelListViewController.swift in Sources */,
				F376C12E2280566B00002EBD /* WebViewController.swift in Sources */,
				F3BA269722818FF100FE3C29 /* NewsSource.swift in Sources */,
				F39FB244227B1AA400778429 /* NewsFeedTableViewCell.swift in Sources */,
				F328B5CB22731A8400864E61 /* AppDelegate.swift in Sources */,
				F34F19EB227AE43B0069633A /* NewsFeedViewController.swift in Sources */,
				F34F19ED227AE9D40069633A /* ChannelListViewModel.swift in Sources */,
				F3414FEB2280311D00FC8704 /* NetworkReachability.swift in Sources */,
				F376C130228056BF00002EBD /* RSSFeedUIViewController.swift in Sources */,
			);
			runOnlyForDeploymentPostprocessing = 0;
		};
/* End PBXSourcesBuildPhase section */

/* Begin PBXVariantGroup section */
		F328B5CE22731A8400864E61 /* Main.storyboard */ = {
			isa = PBXVariantGroup;
			children = (
				F328B5CF22731A8400864E61 /* Base */,
			);
			name = Main.storyboard;
			sourceTree = "<group>";
		};
		F328B5D322731A8700864E61 /* LaunchScreen.storyboard */ = {
			isa = PBXVariantGroup;
			children = (
				F328B5D422731A8700864E61 /* Base */,
			);
			name = LaunchScreen.storyboard;
			sourceTree = "<group>";
		};
/* End PBXVariantGroup section */

/* Begin XCBuildConfiguration section */
		F328B5D722731A8700864E61 /* Debug */ = {
			isa = XCBuildConfiguration;
			buildSettings = {
				ALWAYS_SEARCH_USER_PATHS = NO;
				CLANG_ANALYZER_NONNULL = YES;
				CLANG_ANALYZER_NUMBER_OBJECT_CONVERSION = YES_AGGRESSIVE;
				CLANG_CXX_LANGUAGE_STANDARD = "gnu++14";
				CLANG_CXX_LIBRARY = "libc++";
				CLANG_ENABLE_MODULES = YES;
				CLANG_ENABLE_OBJC_ARC = YES;
				CLANG_ENABLE_OBJC_WEAK = YES;
				CLANG_WARN_BLOCK_CAPTURE_AUTORELEASING = YES;
				CLANG_WARN_BOOL_CONVERSION = YES;
				CLANG_WARN_COMMA = YES;
				CLANG_WARN_CONSTANT_CONVERSION = YES;
				CLANG_WARN_DEPRECATED_OBJC_IMPLEMENTATIONS = YES;
				CLANG_WARN_DIRECT_OBJC_ISA_USAGE = YES_ERROR;
				CLANG_WARN_DOCUMENTATION_COMMENTS = YES;
				CLANG_WARN_EMPTY_BODY = YES;
				CLANG_WARN_ENUM_CONVERSION = YES;
				CLANG_WARN_INFINITE_RECURSION = YES;
				CLANG_WARN_INT_CONVERSION = YES;
				CLANG_WARN_NON_LITERAL_NULL_CONVERSION = YES;
				CLANG_WARN_OBJC_IMPLICIT_RETAIN_SELF = YES;
				CLANG_WARN_OBJC_LITERAL_CONVERSION = YES;
				CLANG_WARN_OBJC_ROOT_CLASS = YES_ERROR;
				CLANG_WARN_RANGE_LOOP_ANALYSIS = YES;
				CLANG_WARN_STRICT_PROTOTYPES = YES;
				CLANG_WARN_SUSPICIOUS_MOVE = YES;
				CLANG_WARN_UNGUARDED_AVAILABILITY = YES_AGGRESSIVE;
				CLANG_WARN_UNREACHABLE_CODE = YES;
				CLANG_WARN__DUPLICATE_METHOD_MATCH = YES;
				CODE_SIGN_IDENTITY = "iPhone Developer";
				COPY_PHASE_STRIP = NO;
				DEBUG_INFORMATION_FORMAT = dwarf;
				ENABLE_STRICT_OBJC_MSGSEND = YES;
				ENABLE_TESTABILITY = YES;
				GCC_C_LANGUAGE_STANDARD = gnu11;
				GCC_DYNAMIC_NO_PIC = NO;
				GCC_NO_COMMON_BLOCKS = YES;
				GCC_OPTIMIZATION_LEVEL = 0;
				GCC_PREPROCESSOR_DEFINITIONS = (
					"DEBUG=1",
					"$(inherited)",
				);
				GCC_WARN_64_TO_32_BIT_CONVERSION = YES;
				GCC_WARN_ABOUT_RETURN_TYPE = YES_ERROR;
				GCC_WARN_UNDECLARED_SELECTOR = YES;
				GCC_WARN_UNINITIALIZED_AUTOS = YES_AGGRESSIVE;
				GCC_WARN_UNUSED_FUNCTION = YES;
				GCC_WARN_UNUSED_VARIABLE = YES;
				IPHONEOS_DEPLOYMENT_TARGET = 12.2;
				MTL_ENABLE_DEBUG_INFO = INCLUDE_SOURCE;
				MTL_FAST_MATH = YES;
				ONLY_ACTIVE_ARCH = YES;
				SDKROOT = iphoneos;
				SWIFT_ACTIVE_COMPILATION_CONDITIONS = DEBUG;
				SWIFT_OPTIMIZATION_LEVEL = "-Onone";
			};
			name = Debug;
		};
		F328B5D822731A8700864E61 /* Release */ = {
			isa = XCBuildConfiguration;
			buildSettings = {
				ALWAYS_SEARCH_USER_PATHS = NO;
				CLANG_ANALYZER_NONNULL = YES;
				CLANG_ANALYZER_NUMBER_OBJECT_CONVERSION = YES_AGGRESSIVE;
				CLANG_CXX_LANGUAGE_STANDARD = "gnu++14";
				CLANG_CXX_LIBRARY = "libc++";
				CLANG_ENABLE_MODULES = YES;
				CLANG_ENABLE_OBJC_ARC = YES;
				CLANG_ENABLE_OBJC_WEAK = YES;
				CLANG_WARN_BLOCK_CAPTURE_AUTORELEASING = YES;
				CLANG_WARN_BOOL_CONVERSION = YES;
				CLANG_WARN_COMMA = YES;
				CLANG_WARN_CONSTANT_CONVERSION = YES;
				CLANG_WARN_DEPRECATED_OBJC_IMPLEMENTATIONS = YES;
				CLANG_WARN_DIRECT_OBJC_ISA_USAGE = YES_ERROR;
				CLANG_WARN_DOCUMENTATION_COMMENTS = YES;
				CLANG_WARN_EMPTY_BODY = YES;
				CLANG_WARN_ENUM_CONVERSION = YES;
				CLANG_WARN_INFINITE_RECURSION = YES;
				CLANG_WARN_INT_CONVERSION = YES;
				CLANG_WARN_NON_LITERAL_NULL_CONVERSION = YES;
				CLANG_WARN_OBJC_IMPLICIT_RETAIN_SELF = YES;
				CLANG_WARN_OBJC_LITERAL_CONVERSION = YES;
				CLANG_WARN_OBJC_ROOT_CLASS = YES_ERROR;
				CLANG_WARN_RANGE_LOOP_ANALYSIS = YES;
				CLANG_WARN_STRICT_PROTOTYPES = YES;
				CLANG_WARN_SUSPICIOUS_MOVE = YES;
				CLANG_WARN_UNGUARDED_AVAILABILITY = YES_AGGRESSIVE;
				CLANG_WARN_UNREACHABLE_CODE = YES;
				CLANG_WARN__DUPLICATE_METHOD_MATCH = YES;
				CODE_SIGN_IDENTITY = "iPhone Developer";
				COPY_PHASE_STRIP = NO;
				DEBUG_INFORMATION_FORMAT = "dwarf-with-dsym";
				ENABLE_NS_ASSERTIONS = NO;
				ENABLE_STRICT_OBJC_MSGSEND = YES;
				GCC_C_LANGUAGE_STANDARD = gnu11;
				GCC_NO_COMMON_BLOCKS = YES;
				GCC_WARN_64_TO_32_BIT_CONVERSION = YES;
				GCC_WARN_ABOUT_RETURN_TYPE = YES_ERROR;
				GCC_WARN_UNDECLARED_SELECTOR = YES;
				GCC_WARN_UNINITIALIZED_AUTOS = YES_AGGRESSIVE;
				GCC_WARN_UNUSED_FUNCTION = YES;
				GCC_WARN_UNUSED_VARIABLE = YES;
				IPHONEOS_DEPLOYMENT_TARGET = 12.2;
				MTL_ENABLE_DEBUG_INFO = NO;
				MTL_FAST_MATH = YES;
				SDKROOT = iphoneos;
				SWIFT_COMPILATION_MODE = wholemodule;
				SWIFT_OPTIMIZATION_LEVEL = "-O";
				VALIDATE_PRODUCT = YES;
			};
			name = Release;
		};
		F328B5DA22731A8700864E61 /* Debug */ = {
			isa = XCBuildConfiguration;
			baseConfigurationReference = CDD9437EFE75A18E209BB444 /* Pods-RSSNewsfeed.debug.xcconfig */;
			buildSettings = {
				ASSETCATALOG_COMPILER_APPICON_NAME = AppIcon;
				CODE_SIGN_STYLE = Automatic;
				DEVELOPMENT_TEAM = 72QCFK8GSD;
				INFOPLIST_FILE = RSSNewsfeed/Info.plist;
				LD_RUNPATH_SEARCH_PATHS = (
					"$(inherited)",
					"@executable_path/Frameworks",
				);
				PRODUCT_BUNDLE_IDENTIFIER = "-1123.RSSNewsfeed";
				PRODUCT_NAME = "$(TARGET_NAME)";
				SWIFT_VERSION = 5.0;
				TARGETED_DEVICE_FAMILY = "1,2";
			};
			name = Debug;
		};
		F328B5DB22731A8700864E61 /* Release */ = {
			isa = XCBuildConfiguration;
			baseConfigurationReference = 817BD7B3CBCE7023E73A198E /* Pods-RSSNewsfeed.release.xcconfig */;
			buildSettings = {
				ASSETCATALOG_COMPILER_APPICON_NAME = AppIcon;
				CODE_SIGN_STYLE = Automatic;
				DEVELOPMENT_TEAM = 72QCFK8GSD;
				INFOPLIST_FILE = RSSNewsfeed/Info.plist;
				LD_RUNPATH_SEARCH_PATHS = (
					"$(inherited)",
					"@executable_path/Frameworks",
				);
				PRODUCT_BUNDLE_IDENTIFIER = "-1123.RSSNewsfeed";
				PRODUCT_NAME = "$(TARGET_NAME)";
				SWIFT_VERSION = 5.0;
				TARGETED_DEVICE_FAMILY = "1,2";
			};
			name = Release;
		};
/* End XCBuildConfiguration section */

/* Begin XCConfigurationList section */
		F328B5C222731A8400864E61 /* Build configuration list for PBXProject "RSSNewsfeed" */ = {
			isa = XCConfigurationList;
			buildConfigurations = (
				F328B5D722731A8700864E61 /* Debug */,
				F328B5D822731A8700864E61 /* Release */,
			);
			defaultConfigurationIsVisible = 0;
			defaultConfigurationName = Release;
		};
		F328B5D922731A8700864E61 /* Build configuration list for PBXNativeTarget "RSSNewsfeed" */ = {
			isa = XCConfigurationList;
			buildConfigurations = (
				F328B5DA22731A8700864E61 /* Debug */,
				F328B5DB22731A8700864E61 /* Release */,
			);
			defaultConfigurationIsVisible = 0;
			defaultConfigurationName = Release;
		};
/* End XCConfigurationList section */
	};
	rootObject = F328B5BF22731A8400864E61 /* Project object */;
}
